{
  "name": "docusaurus-plugin-redoc",
  "version": "0.0.0",
  "lockfileVersion": 1,
  "requires": true,
  "dependencies": {
    "@docusaurus/types": {
      "version": "2.0.0-alpha.70",
      "resolved": "https://registry.npmjs.org/@docusaurus/types/-/types-2.0.0-alpha.70.tgz",
      "integrity": "sha512-QoHmMiJhRDq5P/4o3eUIiJebdwRjShFlal01DST5B8MZo4k0ogl57FNHqJvIHc93NgonZzFlvC/auLlBnc/d4Q==",
      "requires": {
        "@types/webpack": "^4.41.0",
        "commander": "^4.0.1",
        "querystring": "0.2.0",
        "webpack-merge": "^4.2.2"
      }
    },
    "@hapi/hoek": {
      "version": "9.1.1",
      "resolved": "https://registry.npmjs.org/@hapi/hoek/-/hoek-9.1.1.tgz",
      "integrity": "sha512-CAEbWH7OIur6jEOzaai83jq3FmKmv4PmX1JYfs9IrYcGEVI/lyL1EXJGCj7eFVJ0bg5QR8LMxBlEtA+xKiLpFw=="
    },
    "@hapi/topo": {
      "version": "5.0.0",
      "resolved": "https://registry.npmjs.org/@hapi/topo/-/topo-5.0.0.tgz",
      "integrity": "sha512-tFJlT47db0kMqVm3H4nQYgn6Pwg10GTZHb1pwmSiv1K4ks6drQOtfEF5ZnPjkvC+y4/bUPHK+bc87QvLcL+WMw==",
      "requires": {
        "@hapi/hoek": "^9.0.0"
      }
    },
    "@sideway/address": {
      "version": "4.1.0",
      "resolved": "https://registry.npmjs.org/@sideway/address/-/address-4.1.0.tgz",
      "integrity": "sha512-wAH/JYRXeIFQRsxerIuLjgUu2Xszam+O5xKeatJ4oudShOOirfmsQ1D6LL54XOU2tizpCYku+s1wmU0SYdpoSA==",
      "requires": {
        "@hapi/hoek": "^9.0.0"
      }
    },
    "@sideway/formula": {
      "version": "3.0.0",
      "resolved": "https://registry.npmjs.org/@sideway/formula/-/formula-3.0.0.tgz",
      "integrity": "sha512-vHe7wZ4NOXVfkoRb8T5otiENVlT7a3IAiw7H5M2+GO+9CDgcVUUsX1zalAztCmwyOr2RUTGJdgB+ZvSVqmdHmg=="
    },
    "@sideway/pinpoint": {
      "version": "2.0.0",
      "resolved": "https://registry.npmjs.org/@sideway/pinpoint/-/pinpoint-2.0.0.tgz",
      "integrity": "sha512-RNiOoTPkptFtSVzQevY/yWtZwf/RxyVnPy/OcA9HBM3MlGDnBEYL5B41H0MTn0Uec8Hi+2qUtTfG2WWZBmMejQ=="
    },
    "@types/anymatch": {
      "version": "1.3.1",
      "resolved": "https://registry.npmjs.org/@types/anymatch/-/anymatch-1.3.1.tgz",
      "integrity": "sha512-/+CRPXpBDpo2RK9C68N3b2cOvO0Cf5B9aPijHsoDQTHivnGSObdOF2BRQOYjojWTDy6nQvMjmqRXIxH55VjxxA=="
    },
    "@types/node": {
      "version": "14.14.21",
      "resolved": "https://registry.npmjs.org/@types/node/-/node-14.14.21.tgz",
      "integrity": "sha512-cHYfKsnwllYhjOzuC5q1VpguABBeecUp24yFluHpn/BQaVxB1CuQ1FSRZCzrPxrkIfWISXV2LbeoBthLWg0+0A=="
    },
    "@types/source-list-map": {
      "version": "0.1.2",
      "resolved": "https://registry.npmjs.org/@types/source-list-map/-/source-list-map-0.1.2.tgz",
      "integrity": "sha512-K5K+yml8LTo9bWJI/rECfIPrGgxdpeNbj+d53lwN4QjW1MCwlkhUms+gtdzigTeUyBr09+u8BwOIY3MXvHdcsA=="
    },
    "@types/tapable": {
      "version": "1.0.6",
      "resolved": "https://registry.npmjs.org/@types/tapable/-/tapable-1.0.6.tgz",
      "integrity": "sha512-W+bw9ds02rAQaMvaLYxAbJ6cvguW/iJXNT6lTssS1ps6QdrMKttqEAMEG/b5CR8TZl3/L7/lH0ZV5nNR1LXikA=="
    },
    "@types/uglify-js": {
      "version": "3.11.1",
      "resolved": "https://registry.npmjs.org/@types/uglify-js/-/uglify-js-3.11.1.tgz",
      "integrity": "sha512-7npvPKV+jINLu1SpSYVWG8KvyJBhBa8tmzMMdDoVc2pWUYHN8KIXlPJhjJ4LT97c4dXJA2SHL/q6ADbDriZN+Q==",
      "requires": {
        "source-map": "^0.6.1"
      }
    },
    "@types/webpack": {
      "version": "4.41.26",
      "resolved": "https://registry.npmjs.org/@types/webpack/-/webpack-4.41.26.tgz",
      "integrity": "sha512-7ZyTfxjCRwexh+EJFwRUM+CDB2XvgHl4vfuqf1ZKrgGvcS5BrNvPQqJh3tsZ0P6h6Aa1qClVHaJZszLPzpqHeA==",
      "requires": {
        "@types/anymatch": "*",
        "@types/node": "*",
        "@types/tapable": "*",
        "@types/uglify-js": "*",
        "@types/webpack-sources": "*",
        "source-map": "^0.6.0"
      }
    },
    "@types/webpack-sources": {
      "version": "2.1.0",
      "resolved": "https://registry.npmjs.org/@types/webpack-sources/-/webpack-sources-2.1.0.tgz",
      "integrity": "sha512-LXn/oYIpBeucgP1EIJbKQ2/4ZmpvRl+dlrFdX7+94SKRUV3Evy3FsfMZY318vGhkWUS5MPhtOM3w1/hCOAOXcg==",
      "requires": {
        "@types/node": "*",
        "@types/source-list-map": "*",
        "source-map": "^0.7.3"
      },
      "dependencies": {
        "source-map": {
          "version": "0.7.3",
          "resolved": "https://registry.npmjs.org/source-map/-/source-map-0.7.3.tgz",
          "integrity": "sha512-CkCj6giN3S+n9qrYiBTX5gystlENnRW5jZeNLHpe6aue+SrHcG5VYwujhW9s4dY31mEGsxBDrHR6oI69fTXsaQ=="
        }
      }
    },
    "commander": {
      "version": "4.1.1",
      "resolved": "https://registry.npmjs.org/commander/-/commander-4.1.1.tgz",
      "integrity": "sha512-NOKm8xhkzAjzFx8B2v5OAHT+u5pRQc2UCa2Vq9jYL/31o2wi9mxBA7LIFs3sV5VSC49z6pEhfbMULvShKj26WA=="
    },
    "joi": {
      "version": "17.3.0",
      "resolved": "https://registry.npmjs.org/joi/-/joi-17.3.0.tgz",
      "integrity": "sha512-Qh5gdU6niuYbUIUV5ejbsMiiFmBdw8Kcp8Buj2JntszCkCfxJ9Cz76OtHxOZMPXrt5810iDIXs+n1nNVoquHgg==",
      "requires": {
        "@hapi/hoek": "^9.0.0",
        "@hapi/topo": "^5.0.0",
        "@sideway/address": "^4.1.0",
        "@sideway/formula": "^3.0.0",
        "@sideway/pinpoint": "^2.0.0"
      }
    },
    "lodash": {
      "version": "4.17.20",
      "resolved": "https://registry.npmjs.org/lodash/-/lodash-4.17.20.tgz",
      "integrity": "sha512-PlhdFcillOINfeV7Ni6oF1TAEayyZBoZ8bcshTHqOYJYlrqzRK5hagpagky5o4HfCzzd1TRkXPMFq6cKk9rGmA=="
    },
    "querystring": {
      "version": "0.2.0",
      "resolved": "https://registry.npmjs.org/querystring/-/querystring-0.2.0.tgz",
      "integrity": "sha1-sgmEkgO7Jd+CDadW50cAWHhSFiA="
    },
    "source-map": {
      "version": "0.6.1",
      "resolved": "https://registry.npmjs.org/source-map/-/source-map-0.6.1.tgz",
      "integrity": "sha512-UjgapumWlbMhkBgzT7Ykc5YXUT46F0iKu8SGXq0bcwP5dz/h0Plj6enJqjz1Zbq2l5WaqYnrVbwWOWMyF3F47g=="
    },
    "webpack-merge": {
      "version": "4.2.2",
      "resolved": "https://registry.npmjs.org/webpack-merge/-/webpack-merge-4.2.2.tgz",
      "integrity": "sha512-TUE1UGoTX2Cd42j3krGYqObZbOD+xF7u28WB7tfUordytSjbWTIjK/8V0amkBfTYN4/pB/GIDlJZZ657BGG19g==",
      "requires": {
        "lodash": "^4.17.15"
      }
    },
    "yaml": {
      "version": "1.10.0",
      "resolved": "https://registry.npmjs.org/yaml/-/yaml-1.10.0.tgz",
      "integrity": "sha512-yr2icI4glYaNG+KWONODapy2/jDdMSDnrONSjblABjD9B4Z5LgiircSt8m8sRZFNi08kG9Sm0uSHtEmP3zaEGg=="
    }
  }
}
